
Microsoft Visual Studio Solution File, Format Version 12.00
# Visual Studio Version 16
VisualStudioVersion = 16.0.30128.74
MinimumVisualStudioVersion = 10.0.40219.1
Project("{9A19103F-16F7-4668-BE54-9A1E7A4F7556}") = "Upp1", "Upp1.csproj", "{9670FCDB-CD41-4C7E-BB71-A89653132473}"
EndProject
Project("{FAE04EC0-301F-11D3-BF4B-00C04F79EFBC}") = "Upp1_Form", "..\Upp1_Form\Upp1_Form.csproj", "{B484D82A-DC5E-4962-9742-7B8212197059}"
EndProject
Global
	GlobalSection(SolutionConfigurationPlatforms) = preSolution
		Debug|Any CPU = Debug|Any CPU
		Release|Any CPU = Release|Any CPU
	EndGlobalSection
	GlobalSection(ProjectConfigurationPlatforms) = postSolution
		{9670FCDB-CD41-4C7E-BB71-A89653132473}.Debug|Any CPU.ActiveCfg = Debug|Any CPU
		{9670FCDB-CD41-4C7E-BB71-A89653132473}.Debug|Any CPU.Build.0 = Debug|Any CPU
		{9670FCDB-CD41-4C7E-BB71-A89653132473}.Release|Any CPU.ActiveCfg = Release|Any CPU
		{9670FCDB-CD41-4C7E-BB71-A89653132473}.Release|Any CPU.Build.0 = Release|Any CPU
		{B484D82A-DC5E-4962-9742-7B8212197059}.Debug|Any CPU.ActiveCfg = Debug|Any CPU
		{B484D82A-DC5E-4962-9742-7B8212197059}.Debug|Any CPU.Build.0 = Debug|Any CPU
		{B484D82A-DC5E-4962-9742-7B8212197059}.Release|Any CPU.ActiveCfg = Release|Any CPU
		{B484D82A-DC5E-4962-9742-7B8212197059}.Release|Any CPU.Build.0 = Release|Any CPU
	EndGlobalSection
	GlobalSection(SolutionProperties) = preSolution
		HideSolutionNode = FALSE
	EndGlobalSection
	GlobalSection(ExtensibilityGlobals) = postSolution
		SolutionGuid = {C3295E57-4575-4CCE-A805-96E9A628200E}
	EndGlobalSection
EndGlobal
